
Microsoft Visual Studio Solution File, Format Version 12.00
# Visual Studio Version 17
VisualStudioVersion = 17.4.33213.308
MinimumVisualStudioVersion = 10.0.40219.1
Project("{FAE04EC0-301F-11D3-BF4B-00C04F79EFBC}") = "Pokemon", "Pokemon\Pokemon.csproj", "{47DEE2D0-A4DC-460A-BB0A-B3EEC99D8D5C}"
EndProject
Global
	GlobalSection(SolutionConfigurationPlatforms) = preSolution
		Debug|Any CPU = Debug|Any CPU
		Release|Any CPU = Release|Any CPU
	EndGlobalSection
	GlobalSection(ProjectConfigurationPlatforms) = postSolution
		{47DEE2D0-A4DC-460A-BB0A-B3EEC99D8D5C}.Debug|Any CPU.ActiveCfg = Debug|Any CPU
		{47DEE2D0-A4DC-460A-BB0A-B3EEC99D8D5C}.Debug|Any CPU.Build.0 = Debug|Any CPU
		{47DEE2D0-A4DC-460A-BB0A-B3EEC99D8D5C}.Release|Any CPU.ActiveCfg = Release|Any CPU
		{47DEE2D0-A4DC-460A-BB0A-B3EEC99D8D5C}.Release|Any CPU.Build.0 = Release|Any CPU
	EndGlobalSection
	GlobalSection(SolutionProperties) = preSolution
		HideSolutionNode = FALSE
	EndGlobalSection
	GlobalSection(ExtensibilityGlobals) = postSolution
		SolutionGuid = {2A3CC9E5-0D00-45DC-A100-DB11106DE53B}
	EndGlobalSection
EndGlobal
